
Microsoft Visual Studio Solution File, Format Version 12.00
# Visual Studio Version 16
VisualStudioVersion = 16.0.34931.43
MinimumVisualStudioVersion = 10.0.40219.1
Project("{FAE04EC0-301F-11D3-BF4B-00C04F79EFBC}") = "PricePortel", "PricePortel\PricePortel.csproj", "{0284E2DB-9CD5-45E2-AF00-D39DA9C743FB}"
EndProject
Global
	GlobalSection(SolutionConfigurationPlatforms) = preSolution
		Debug|Any CPU = Debug|Any CPU
		Release|Any CPU = Release|Any CPU
	EndGlobalSection
	GlobalSection(ProjectConfigurationPlatforms) = postSolution
		{0284E2DB-9CD5-45E2-AF00-D39DA9C743FB}.Debug|Any CPU.ActiveCfg = Debug|Any CPU
		{0284E2DB-9CD5-45E2-AF00-D39DA9C743FB}.Debug|Any CPU.Build.0 = Debug|Any CPU
		{0284E2DB-9CD5-45E2-AF00-D39DA9C743FB}.Release|Any CPU.ActiveCfg = Release|Any CPU
		{0284E2DB-9CD5-45E2-AF00-D39DA9C743FB}.Release|Any CPU.Build.0 = Release|Any CPU
	EndGlobalSection
	GlobalSection(SolutionProperties) = preSolution
		HideSolutionNode = FALSE
	EndGlobalSection
	GlobalSection(ExtensibilityGlobals) = postSolution
		SolutionGuid = {D05063FC-6AF2-4087-9FB0-2E0464448719}
	EndGlobalSection
EndGlobal
